// !$*UTF8*$!
{
	archiveVersion = 1;
	classes = {
	};
	objectVersion = 46;
	objects = {

/* Begin PBXBuildFile section */
		551B07A719E2FB5A007D3038 /* AppDelegate.swift in Sources */ = {isa = PBXBuildFile; fileRef = 551B07A619E2FB5A007D3038 /* AppDelegate.swift */; };
		551B07A919E2FB5A007D3038 /* ViewController.swift in Sources */ = {isa = PBXBuildFile; fileRef = 551B07A819E2FB5A007D3038 /* ViewController.swift */; };
		551B07AC19E2FB5A007D3038 /* Main.storyboard in Resources */ = {isa = PBXBuildFile; fileRef = 551B07AA19E2FB5A007D3038 /* Main.storyboard */; };
		551B07AE19E2FB5A007D3038 /* Images.xcassets in Resources */ = {isa = PBXBuildFile; fileRef = 551B07AD19E2FB5A007D3038 /* Images.xcassets */; };
		551B07B119E2FB5A007D3038 /* LaunchScreen.xib in Resources */ = {isa = PBXBuildFile; fileRef = 551B07AF19E2FB5A007D3038 /* LaunchScreen.xib */; };
		551B07BD19E2FB5A007D3038 /* PostcardTests.swift in Sources */ = {isa = PBXBuildFile; fileRef = 551B07BC19E2FB5A007D3038 /* PostcardTests.swift */; };
		551B07C719E30250007D3038 /* SagradaFamilia.jpeg in Resources */ = {isa = PBXBuildFile; fileRef = 551B07C619E30250007D3038 /* SagradaFamilia.jpeg */; };
		551B07C919E30531007D3038 /* AlbertEinsteinStamp.jpg in Resources */ = {isa = PBXBuildFile; fileRef = 551B07C819E30531007D3038 /* AlbertEinsteinStamp.jpg */; };
/* End PBXBuildFile section */

/* Begin PBXContainerItemProxy section */
		551B07B719E2FB5A007D3038 /* PBXContainerItemProxy */ = {
			isa = PBXContainerItemProxy;
			containerPortal = 551B079919E2FB5A007D3038 /* Project object */;
			proxyType = 1;
			remoteGlobalIDString = 551B07A019E2FB5A007D3038;
			remoteInfo = Postcard;
		};
/* End PBXContainerItemProxy section */

/* Begin PBXFileReference section */
		551B07A119E2FB5A007D3038 /* Postcard.app */ = {isa = PBXFileReference; explicitFileType = wrapper.application; includeInIndex = 0; path = Postcard.app; sourceTree = BUILT_PRODUCTS_DIR; };
		551B07A519E2FB5A007D3038 /* Info.plist */ = {isa = PBXFileReference; lastKnownFileType = text.plist.xml; path = Info.plist; sourceTree = "<group>"; };
		551B07A619E2FB5A007D3038 /* AppDelegate.swift */ = {isa = PBXFileReference; lastKnownFileType = sourcecode.swift; path = AppDelegate.swift; sourceTree = "<group>"; };
		551B07A819E2FB5A007D3038 /* ViewController.swift */ = {isa = PBXFileReference; lastKnownFileType = sourcecode.swift; path = ViewController.swift; sourceTree = "<group>"; };
		551B07AB19E2FB5A007D3038 /* Base */ = {isa = PBXFileReference; lastKnownFileType = file.storyboard; name = Base; path = Base.lproj/Main.storyboard; sourceTree = "<group>"; };
		551B07AD19E2FB5A007D3038 /* Images.xcassets */ = {isa = PBXFileReference; lastKnownFileType = folder.assetcatalog; path = Images.xcassets; sourceTree = "<group>"; };
		551B07B019E2FB5A007D3038 /* Base */ = {isa = PBXFileReference; lastKnownFileType = file.xib; name = Base; path = Base.lproj/LaunchScreen.xib; sourceTree = "<group>"; };
		551B07B619E2FB5A007D3038 /* PostcardTests.xctest */ = {isa = PBXFileReference; explicitFileType = wrapper.cfbundle; includeInIndex = 0; path = PostcardTests.xctest; sourceTree = BUILT_PRODUCTS_DIR; };
		551B07BB19E2FB5A007D3038 /* Info.plist */ = {isa = PBXFileReference; lastKnownFileType = text.plist.xml; path = Info.plist; sourceTree = "<group>"; };
		551B07BC19E2FB5A007D3038 /* PostcardTests.swift */ = {isa = PBXFileReference; lastKnownFileType = sourcecode.swift; path = PostcardTests.swift; sourceTree = "<group>"; };
		551B07C619E30250007D3038 /* SagradaFamilia.jpeg */ = {isa = PBXFileReference; lastKnownFileType = image.jpeg; path = SagradaFamilia.jpeg; sourceTree = "<group>"; };
		551B07C819E30531007D3038 /* AlbertEinsteinStamp.jpg */ = {isa = PBXFileReference; lastKnownFileType = image.jpeg; path = AlbertEinsteinStamp.jpg; sourceTree = "<group>"; };
/* End PBXFileReference section */

/* Begin PBXFrameworksBuildPhase section */
		551B079E19E2FB5A007D3038 /* Frameworks */ = {
			isa = PBXFrameworksBuildPhase;
			buildActionMask = 2147483647;
			files = (
			);
			runOnlyForDeploymentPostprocessing = 0;
		};
		551B07B319E2FB5A007D3038 /* Frameworks */ = {
			isa = PBXFrameworksBuildPhase;
			buildActionMask = 2147483647;
			files = (
			);
			runOnlyForDeploymentPostprocessing = 0;
		};
/* End PBXFrameworksBuildPhase section */

/* Begin PBXGroup section */
		551B079819E2FB5A007D3038 = {
			isa = PBXGroup;
			children = (
				551B07A319E2FB5A007D3038 /* Postcard */,
				551B07B919E2FB5A007D3038 /* PostcardTests */,
				551B07A219E2FB5A007D3038 /* Products */,
			);
			sourceTree = "<group>";
		};
		551B07A219E2FB5A007D3038 /* Products */ = {
			isa = PBXGroup;
			children = (
				551B07A119E2FB5A007D3038 /* Postcard.app */,
				551B07B619E2FB5A007D3038 /* PostcardTests.xctest */,
			);
			name = Products;
			sourceTree = "<group>";
		};
		551B07A319E2FB5A007D3038 /* Postcard */ = {
			isa = PBXGroup;
			children = (
				551B07A619E2FB5A007D3038 /* AppDelegate.swift */,
				551B07A819E2FB5A007D3038 /* ViewController.swift */,
				551B07AA19E2FB5A007D3038 /* Main.storyboard */,
				551B07AD19E2FB5A007D3038 /* Images.xcassets */,
				551B07AF19E2FB5A007D3038 /* LaunchScreen.xib */,
				551B07A419E2FB5A007D3038 /* Supporting Files */,
			);
			path = Postcard;
			sourceTree = "<group>";
		};
		551B07A419E2FB5A007D3038 /* Supporting Files */ = {
			isa = PBXGroup;
			children = (
				551B07C819E30531007D3038 /* AlbertEinsteinStamp.jpg */,
				551B07C619E30250007D3038 /* SagradaFamilia.jpeg */,
				551B07A519E2FB5A007D3038 /* Info.plist */,
			);
			name = "Supporting Files";
			sourceTree = "<group>";
		};
		551B07B919E2FB5A007D3038 /* PostcardTests */ = {
			isa = PBXGroup;
			children = (
				551B07BC19E2FB5A007D3038 /* PostcardTests.swift */,
				551B07BA19E2FB5A007D3038 /* Supporting Files */,
			);
			path = PostcardTests;
			sourceTree = "<group>";
		};
		551B07BA19E2FB5A007D3038 /* Supporting Files */ = {
			isa = PBXGroup;
			children = (
				551B07BB19E2FB5A007D3038 /* Info.plist */,
			);
			name = "Supporting Files";
			sourceTree = "<group>";
		};
/* End PBXGroup section */

/* Begin PBXNativeTarget section */
		551B07A019E2FB5A007D3038 /* Postcard */ = {
			isa = PBXNativeTarget;
			buildConfigurationList = 551B07C019E2FB5A007D3038 /* Build configuration list for PBXNativeTarget "Postcard" */;
			buildPhases = (
				551B079D19E2FB5A007D3038 /* Sources */,
				551B079E19E2FB5A007D3038 /* Frameworks */,
				551B079F19E2FB5A007D3038 /* Resources */,
			);
			buildRules = (
			);
			dependencies = (
			);
			name = Postcard;
			productName = Postcard;
			productReference = 551B07A119E2FB5A007D3038 /* Postcard.app */;
			productType = "com.apple.product-type.application";
		};
		551B07B519E2FB5A007D3038 /* PostcardTests */ = {
			isa = PBXNativeTarget;
			buildConfigurationList = 551B07C319E2FB5A007D3038 /* Build configuration list for PBXNativeTarget "PostcardTests" */;
			buildPhases = (
				551B07B219E2FB5A007D3038 /* Sources */,
				551B07B319E2FB5A007D3038 /* Frameworks */,
				551B07B419E2FB5A007D3038 /* Resources */,
			);
			buildRules = (
			);
			dependencies = (
				551B07B819E2FB5A007D3038 /* PBXTargetDependency */,
			);
			name = PostcardTests;
			productName = PostcardTests;
			productReference = 551B07B619E2FB5A007D3038 /* PostcardTests.xctest */;
			productType = "com.apple.product-type.bundle.unit-test";
		};
/* End PBXNativeTarget section */

/* Begin PBXProject section */
		551B079919E2FB5A007D3038 /* Project object */ = {
			isa = PBXProject;
			attributes = {
				LastUpgradeCheck = 0600;
				ORGANIZATIONNAME = bleech;
				TargetAttributes = {
					551B07A019E2FB5A007D3038 = {
						CreatedOnToolsVersion = 6.0.1;
					};
					551B07B519E2FB5A007D3038 = {
						CreatedOnToolsVersion = 6.0.1;
						TestTargetID = 551B07A019E2FB5A007D3038;
					};
				};
			};
			buildConfigurationList = 551B079C19E2FB5A007D3038 /* Build configuration list for PBXProject "Postcard" */;
			compatibilityVersion = "Xcode 3.2";
			developmentRegion = English;
			hasScannedForEncodings = 0;
			knownRegions = (
				en,
				Base,
			);
			mainGroup = 551B079819E2FB5A007D3038;
			productRefGroup = 551B07A219E2FB5A007D3038 /* Products */;
			projectDirPath = "";
			projectRoot = "";
			targets = (
				551B07A019E2FB5A007D3038 /* Postcard */,
				551B07B519E2FB5A007D3038 /* PostcardTests */,
			);
		};
/* End PBXProject section */

/* Begin PBXResourcesBuildPhase section */
		551B079F19E2FB5A007D3038 /* Resources */ = {
			isa = PBXResourcesBuildPhase;
			buildActionMask = 2147483647;
			files = (
				551B07AC19E2FB5A007D3038 /* Main.storyboard in Resources */,
				551B07C719E30250007D3038 /* SagradaFamilia.jpeg in Resources */,
				551B07C919E30531007D3038 /* AlbertEinsteinStamp.jpg in Resources */,
				551B07B119E2FB5A007D3038 /* LaunchScreen.xib in Resources */,
				551B07AE19E2FB5A007D3038 /* Images.xcassets in Resources */,
			);
			runOnlyForDeploymentPostprocessing = 0;
		};
		551B07B419E2FB5A007D3038 /* Resources */ = {
			isa = PBXResourcesBuildPhase;
			buildActionMask = 2147483647;
			files = (
			);
			runOnlyForDeploymentPostprocessing = 0;
		};
/* End PBXResourcesBuildPhase section */

/* Begin PBXSourcesBuildPhase section */
		551B079D19E2FB5A007D3038 /* Sources */ = {
			isa = PBXSourcesBuildPhase;
			buildActionMask = 2147483647;
			files = (
				551B07A919E2FB5A007D3038 /* ViewController.swift in Sources */,
				551B07A719E2FB5A007D3038 /* AppDelegate.swift in Sources */,
			);
			runOnlyForDeploymentPostprocessing = 0;
		};
		551B07B219E2FB5A007D3038 /* Sources */ = {
			isa = PBXSourcesBuildPhase;
			buildActionMask = 2147483647;
			files = (
				551B07BD19E2FB5A007D3038 /* PostcardTests.swift in Sources */,
			);
			runOnlyForDeploymentPostprocessing = 0;
		};
/* End PBXSourcesBuildPhase section */

/* Begin PBXTargetDependency section */
		551B07B819E2FB5A007D3038 /* PBXTargetDependency */ = {
			isa = PBXTargetDependency;
			target = 551B07A019E2FB5A007D3038 /* Postcard */;
			targetProxy = 551B07B719E2FB5A007D3038 /* PBXContainerItemProxy */;
		};
/* End PBXTargetDependency section */

/* Begin PBXVariantGroup section */
		551B07AA19E2FB5A007D3038 /* Main.storyboard */ = {
			isa = PBXVariantGroup;
			children = (
				551B07AB19E2FB5A007D3038 /* Base */,
			);
			name = Main.storyboard;
			sourceTree = "<group>";
		};
		551B07AF19E2FB5A007D3038 /* LaunchScreen.xib */ = {
			isa = PBXVariantGroup;
			children = (
				551B07B019E2FB5A007D3038 /* Base */,
			);
			name = LaunchScreen.xib;
			sourceTree = "<group>";
		};
/* End PBXVariantGroup section */

/* Begin XCBuildConfiguration section */
		551B07BE19E2FB5A007D3038 /* Debug */ = {
			isa = XCBuildConfiguration;
			buildSettings = {
				ALWAYS_SEARCH_USER_PATHS = NO;
				CLANG_CXX_LANGUAGE_STANDARD = "gnu++0x";
				CLANG_CXX_LIBRARY = "libc++";
				CLANG_ENABLE_MODULES = YES;
				CLANG_ENABLE_OBJC_ARC = YES;
				CLANG_WARN_BOOL_CONVERSION = YES;
				CLANG_WARN_CONSTANT_CONVERSION = YES;
				CLANG_WARN_DIRECT_OBJC_ISA_USAGE = YES_ERROR;
				CLANG_WARN_EMPTY_BODY = YES;
				CLANG_WARN_ENUM_CONVERSION = YES;
				CLANG_WARN_INT_CONVERSION = YES;
				CLANG_WARN_OBJC_ROOT_CLASS = YES_ERROR;
				CLANG_WARN_UNREACHABLE_CODE = YES;
				CLANG_WARN__DUPLICATE_METHOD_MATCH = YES;
				"CODE_SIGN_IDENTITY[sdk=iphoneos*]" = "iPhone Developer";
				COPY_PHASE_STRIP = NO;
				ENABLE_STRICT_OBJC_MSGSEND = YES;
				GCC_C_LANGUAGE_STANDARD = gnu99;
				GCC_DYNAMIC_NO_PIC = NO;
				GCC_OPTIMIZATION_LEVEL = 0;
				GCC_PREPROCESSOR_DEFINITIONS = (
					"DEBUG=1",
					"$(inherited)",
				);
				GCC_SYMBOLS_PRIVATE_EXTERN = NO;
				GCC_WARN_64_TO_32_BIT_CONVERSION = YES;
				GCC_WARN_ABOUT_RETURN_TYPE = YES_ERROR;
				GCC_WARN_UNDECLARED_SELECTOR = YES;
				GCC_WARN_UNINITIALIZED_AUTOS = YES_AGGRESSIVE;
				GCC_WARN_UNUSED_FUNCTION = YES;
				GCC_WARN_UNUSED_VARIABLE = YES;
				IPHONEOS_DEPLOYMENT_TARGET = 8.0;
				MTL_ENABLE_DEBUG_INFO = YES;
				ONLY_ACTIVE_ARCH = YES;
				SDKROOT = iphoneos;
				SWIFT_OPTIMIZATION_LEVEL = "-Onone";
				TARGETED_DEVICE_FAMILY = "1,2";
			};
			name = Debug;
		};
		551B07BF19E2FB5A007D3038 /* Release */ = {
			isa = XCBuildConfiguration;
			buildSettings = {
				ALWAYS_SEARCH_USER_PATHS = NO;
				CLANG_CXX_LANGUAGE_STANDARD = "gnu++0x";
				CLANG_CXX_LIBRARY = "libc++";
				CLANG_ENABLE_MODULES = YES;
				CLANG_ENABLE_OBJC_ARC = YES;
				CLANG_WARN_BOOL_CONVERSION = YES;
				CLANG_WARN_CONSTANT_CONVERSION = YES;
				CLANG_WARN_DIRECT_OBJC_ISA_USAGE = YES_ERROR;
				CLANG_WARN_EMPTY_BODY = YES;
				CLANG_WARN_ENUM_CONVERSION = YES;
				CLANG_WARN_INT_CONVERSION = YES;
				CLANG_WARN_OBJC_ROOT_CLASS = YES_ERROR;
				CLANG_WARN_UNREACHABLE_CODE = YES;
				CLANG_WARN__DUPLICATE_METHOD_MATCH = YES;
				"CODE_SIGN_IDENTITY[sdk=iphoneos*]" = "iPhone Developer";
				COPY_PHASE_STRIP = YES;
				ENABLE_NS_ASSERTIONS = NO;
				ENABLE_STRICT_OBJC_MSGSEND = YES;
				GCC_C_LANGUAGE_STANDARD = gnu99;
				GCC_WARN_64_TO_32_BIT_CONVERSION = YES;
				GCC_WARN_ABOUT_RETURN_TYPE = YES_ERROR;
				GCC_WARN_UNDECLARED_SELECTOR = YES;
				GCC_WARN_UNINITIALIZED_AUTOS = YES_AGGRESSIVE;
				GCC_WARN_UNUSED_FUNCTION = YES;
				GCC_WARN_UNUSED_VARIABLE = YES;
				IPHONEOS_DEPLOYMENT_TARGET = 8.0;
				MTL_ENABLE_DEBUG_INFO = NO;
				SDKROOT = iphoneos;
				TARGETED_DEVICE_FAMILY = "1,2";
				VALIDATE_PRODUCT = YES;
			};
			name = Release;
		};
		551B07C119E2FB5A007D3038 /* Debug */ = {
			isa = XCBuildConfiguration;
			buildSettings = {
				ASSETCATALOG_COMPILER_APPICON_NAME = AppIcon;
				INFOPLIST_FILE = Postcard/Info.plist;
				LD_RUNPATH_SEARCH_PATHS = "$(inherited) @executable_path/Frameworks";
				PRODUCT_NAME = "$(TARGET_NAME)";
			};
			name = Debug;
		};
		551B07C219E2FB5A007D3038 /* Release */ = {
			isa = XCBuildConfiguration;
			buildSettings = {
				ASSETCATALOG_COMPILER_APPICON_NAME = AppIcon;
				INFOPLIST_FILE = Postcard/Info.plist;
				LD_RUNPATH_SEARCH_PATHS = "$(inherited) @executable_path/Frameworks";
				PRODUCT_NAME = "$(TARGET_NAME)";
			};
			name = Release;
		};
		551B07C419E2FB5A007D3038 /* Debug */ = {
			isa = XCBuildConfiguration;
			buildSettings = {
				BUNDLE_LOADER = "$(TEST_HOST)";
				FRAMEWORK_SEARCH_PATHS = (
					"$(SDKROOT)/Developer/Library/Frameworks",
					"$(inherited)",
				);
				GCC_PREPROCESSOR_DEFINITIONS = (
					"DEBUG=1",
					"$(inherited)",
				);
				INFOPLIST_FILE = PostcardTests/Info.plist;
				LD_RUNPATH_SEARCH_PATHS = "$(inherited) @executable_path/Frameworks @loader_path/Frameworks";
				PRODUCT_NAME = "$(TARGET_NAME)";
				TEST_HOST = "$(BUILT_PRODUCTS_DIR)/Postcard.app/Postcard";
			};
			name = Debug;
		};
		551B07C519E2FB5A007D3038 /* Release */ = {
			isa = XCBuildConfiguration;
			buildSettings = {
				BUNDLE_LOADER = "$(TEST_HOST)";
				FRAMEWORK_SEARCH_PATHS = (
					"$(SDKROOT)/Developer/Library/Frameworks",
					"$(inherited)",
				);
				INFOPLIST_FILE = PostcardTests/Info.plist;
				LD_RUNPATH_SEARCH_PATHS = "$(inherited) @executable_path/Frameworks @loader_path/Frameworks";
				PRODUCT_NAME = "$(TARGET_NAME)";
				TEST_HOST = "$(BUILT_PRODUCTS_DIR)/Postcard.app/Postcard";
			};
			name = Release;
		};
/* End XCBuildConfiguration section */

/* Begin XCConfigurationList section */
		551B079C19E2FB5A007D3038 /* Build configuration list for PBXProject "Postcard" */ = {
			isa = XCConfigurationList;
			buildConfigurations = (
				551B07BE19E2FB5A007D3038 /* Debug */,
				551B07BF19E2FB5A007D3038 /* Release */,
			);
			defaultConfigurationIsVisible = 0;
			defaultConfigurationName = Release;
		};
		551B07C019E2FB5A007D3038 /* Build configuration list for PBXNativeTarget "Postcard" */ = {
			isa = XCConfigurationList;
			buildConfigurations = (
				551B07C119E2FB5A007D3038 /* Debug */,
				551B07C219E2FB5A007D3038 /* Release */,
			);
			defaultConfigurationIsVisible = 0;
		};
		551B07C319E2FB5A007D3038 /* Build configuration list for PBXNativeTarget "PostcardTests" */ = {
			isa = XCConfigurationList;
			buildConfigurations = (
				551B07C419E2FB5A007D3038 /* Debug */,
				551B07C519E2FB5A007D3038 /* Release */,
			);
			defaultConfigurationIsVisible = 0;
		};
/* End XCConfigurationList section */
	};
	rootObject = 551B079919E2FB5A007D3038 /* Project object */;
}
